{
  "name": "sociopedia",
  "lockfileVersion": 3,
  "requires": true,
  "packages": {
    "": {
      "dependencies": {
        "b2": "^0.1.11"
      }
    },
    "node_modules/b2": {
      "version": "0.1.11",
      "resolved": "https://registry.npmjs.org/b2/-/b2-0.1.11.tgz",
      "integrity": "sha512-XpOFOLFKb8uOQwbUEX1Ej5lceBETpcY2sMWxDHFRVZxVy+C0kmyYzROhzHkXvcga0uk1+If3IgwMSzXbrjJp/w=="
    }
  }
}
